{
  "name": "react-type",
  "lockfileVersion": 3,
  "requires": true,
  "packages": {
    "": {
      "dependencies": {
        "react-type": "^0.1.0"
      }
    },
    "node_modules/react-type": {
      "version": "0.1.0",
      "resolved": "https://registry.npmjs.org/react-type/-/react-type-0.1.0.tgz",
      "integrity": "sha512-j3dN/tiPC0/tGdz50X3sQHUssg3jNBNyAZpnz0C7Ih5fdvJYzYsucu+pCj4KdPu59BU74JpvhF56ekUwpuLHeQ==",
      "deprecated": "use react-typeme instead"
    }
  }
}
